{
  "name": "Digital-Signature",
  "lockfileVersion": 3,
  "requires": true,
  "packages": {
    "": {
      "dependencies": {
        "pdfobject": "^2.2.10"
      }
    },
    "node_modules/pdfobject": {
      "version": "2.2.10",
      "resolved": "https://registry.npmjs.org/pdfobject/-/pdfobject-2.2.10.tgz",
      "integrity": "sha512-wmpTuiFO3KJMfzg2jInDFiMaXxZ4m6bH03PldxyY6ueCjeVC4zw2ievkaKS1yPKpV4OHSuhyD0LT9JzE6Qu14Q=="
    }
  }
}
